
Microsoft Visual Studio Solution File, Format Version 12.00
# Visual Studio 14
VisualStudioVersion = 14.0.25420.1
MinimumVisualStudioVersion = 10.0.40219.1
Project("{FAE04EC0-301F-11D3-BF4B-00C04F79EFBC}") = "Vidly", "Vidly\Vidly.csproj", "{588E4927-D8D6-45BF-845E-8E90A6BFBF10}"
EndProject
Global
	GlobalSection(SolutionConfigurationPlatforms) = preSolution
		Debug|Any CPU = Debug|Any CPU
		Release|Any CPU = Release|Any CPU
	EndGlobalSection
	GlobalSection(ProjectConfigurationPlatforms) = postSolution
		{588E4927-D8D6-45BF-845E-8E90A6BFBF10}.Debug|Any CPU.ActiveCfg = Debug|Any CPU
		{588E4927-D8D6-45BF-845E-8E90A6BFBF10}.Debug|Any CPU.Build.0 = Debug|Any CPU
		{588E4927-D8D6-45BF-845E-8E90A6BFBF10}.Release|Any CPU.ActiveCfg = Release|Any CPU
		{588E4927-D8D6-45BF-845E-8E90A6BFBF10}.Release|Any CPU.Build.0 = Release|Any CPU
	EndGlobalSection
	GlobalSection(SolutionProperties) = preSolution
		HideSolutionNode = FALSE
	EndGlobalSection
EndGlobal
